// !$*UTF8*$!
{
	archiveVersion = 1;
	classes = {
	};
	objectVersion = 77;
	objects = {

/* Begin PBXContainerItemProxy section */
		5D2E052F2D40AD9200A2E0DF /* PBXContainerItemProxy */ = {
			isa = PBXContainerItemProxy;
			containerPortal = 5D2E05162D40AD8E00A2E0DF /* Project object */;
			proxyType = 1;
			remoteGlobalIDString = 5D2E051D2D40AD8E00A2E0DF;
			remoteInfo = "Meep-Foundation";
		};
		5D2E05392D40AD9200A2E0DF /* PBXContainerItemProxy */ = {
			isa = PBXContainerItemProxy;
			containerPortal = 5D2E05162D40AD8E00A2E0DF /* Project object */;
			proxyType = 1;
			remoteGlobalIDString = 5D2E051D2D40AD8E00A2E0DF;
			remoteInfo = "Meep-Foundation";
		};
/* End PBXContainerItemProxy section */

/* Begin PBXFileReference section */
		5D2E051E2D40AD8E00A2E0DF /* Meep-Foundation.app */ = {isa = PBXFileReference; explicitFileType = wrapper.application; includeInIndex = 0; path = "Meep-Foundation.app"; sourceTree = BUILT_PRODUCTS_DIR; };
		5D2E052E2D40AD9200A2E0DF /* Meep-FoundationTests.xctest */ = {isa = PBXFileReference; explicitFileType = wrapper.cfbundle; includeInIndex = 0; path = "Meep-FoundationTests.xctest"; sourceTree = BUILT_PRODUCTS_DIR; };
		5D2E05382D40AD9200A2E0DF /* Meep-FoundationUITests.xctest */ = {isa = PBXFileReference; explicitFileType = wrapper.cfbundle; includeInIndex = 0; path = "Meep-FoundationUITests.xctest"; sourceTree = BUILT_PRODUCTS_DIR; };
/* End PBXFileReference section */

/* Begin PBXFileSystemSynchronizedBuildFileExceptionSet section */
		5D2E05722D41EC9300A2E0DF /* Exceptions for "Meep-Foundation" folder in "Meep-Foundation" target */ = {
			isa = PBXFileSystemSynchronizedBuildFileExceptionSet;
			membershipExceptions = (
				Info.plist,
			);
			target = 5D2E051D2D40AD8E00A2E0DF /* Meep-Foundation */;
		};
/* End PBXFileSystemSynchronizedBuildFileExceptionSet section */

/* Begin PBXFileSystemSynchronizedRootGroup section */
		5D2E05202D40AD8E00A2E0DF /* Meep-Foundation */ = {
			isa = PBXFileSystemSynchronizedRootGroup;
			exceptions = (
				5D2E05722D41EC9300A2E0DF /* Exceptions for "Meep-Foundation" folder in "Meep-Foundation" target */,
			);
			path = "Meep-Foundation";
			sourceTree = "<group>";
		};
		5D2E05312D40AD9200A2E0DF /* Meep-FoundationTests */ = {
			isa = PBXFileSystemSynchronizedRootGroup;
			path = "Meep-FoundationTests";
			sourceTree = "<group>";
		};
		5D2E053B2D40AD9200A2E0DF /* Meep-FoundationUITests */ = {
			isa = PBXFileSystemSynchronizedRootGroup;
			path = "Meep-FoundationUITests";
			sourceTree = "<group>";
		};
/* End PBXFileSystemSynchronizedRootGroup section */

/* Begin PBXFrameworksBuildPhase section */
		5D2E051B2D40AD8E00A2E0DF /* Frameworks */ = {
			isa = PBXFrameworksBuildPhase;
			buildActionMask = 2147483647;
			files = (
			);
			runOnlyForDeploymentPostprocessing = 0;
		};
		5D2E052B2D40AD9200A2E0DF /* Frameworks */ = {
			isa = PBXFrameworksBuildPhase;
			buildActionMask = 2147483647;
			files = (
			);
			runOnlyForDeploymentPostprocessing = 0;
		};
		5D2E05352D40AD9200A2E0DF /* Frameworks */ = {
			isa = PBXFrameworksBuildPhase;
			buildActionMask = 2147483647;
			files = (
			);
			runOnlyForDeploymentPostprocessing = 0;
		};
/* End PBXFrameworksBuildPhase section */

/* Begin PBXGroup section */
		5D2E05152D40AD8E00A2E0DF = {
			isa = PBXGroup;
			children = (
				5D2E05202D40AD8E00A2E0DF /* Meep-Foundation */,
				5D2E05312D40AD9200A2E0DF /* Meep-FoundationTests */,
				5D2E053B2D40AD9200A2E0DF /* Meep-FoundationUITests */,
				5D2E051F2D40AD8E00A2E0DF /* Products */,
			);
			sourceTree = "<group>";
		};
		5D2E051F2D40AD8E00A2E0DF /* Products */ = {
			isa = PBXGroup;
			children = (
				5D2E051E2D40AD8E00A2E0DF /* Meep-Foundation.app */,
				5D2E052E2D40AD9200A2E0DF /* Meep-FoundationTests.xctest */,
				5D2E05382D40AD9200A2E0DF /* Meep-FoundationUITests.xctest */,
			);
			name = Products;
			sourceTree = "<group>";
		};
/* End PBXGroup section */

/* Begin PBXNativeTarget section */
		5D2E051D2D40AD8E00A2E0DF /* Meep-Foundation */ = {
			isa = PBXNativeTarget;
			buildConfigurationList = 5D2E05422D40AD9200A2E0DF /* Build configuration list for PBXNativeTarget "Meep-Foundation" */;
			buildPhases = (
				5D2E051A2D40AD8E00A2E0DF /* Sources */,
				5D2E051B2D40AD8E00A2E0DF /* Frameworks */,
				5D2E051C2D40AD8E00A2E0DF /* Resources */,
			);
			buildRules = (
			);
			dependencies = (
			);
			fileSystemSynchronizedGroups = (
				5D2E05202D40AD8E00A2E0DF /* Meep-Foundation */,
			);
			name = "Meep-Foundation";
			packageProductDependencies = (
			);
			productName = "Meep-Foundation";
			productReference = 5D2E051E2D40AD8E00A2E0DF /* Meep-Foundation.app */;
			productType = "com.apple.product-type.application";
		};
		5D2E052D2D40AD9200A2E0DF /* Meep-FoundationTests */ = {
			isa = PBXNativeTarget;
			buildConfigurationList = 5D2E05452D40AD9200A2E0DF /* Build configuration list for PBXNativeTarget "Meep-FoundationTests" */;
			buildPhases = (
				5D2E052A2D40AD9200A2E0DF /* Sources */,
				5D2E052B2D40AD9200A2E0DF /* Frameworks */,
				5D2E052C2D40AD9200A2E0DF /* Resources */,
			);
			buildRules = (
			);
			dependencies = (
				5D2E05302D40AD9200A2E0DF /* PBXTargetDependency */,
			);
			fileSystemSynchronizedGroups = (
				5D2E05312D40AD9200A2E0DF /* Meep-FoundationTests */,
			);
			name = "Meep-FoundationTests";
			packageProductDependencies = (
			);
			productName = "Meep-FoundationTests";
			productReference = 5D2E052E2D40AD9200A2E0DF /* Meep-FoundationTests.xctest */;
			productType = "com.apple.product-type.bundle.unit-test";
		};
		5D2E05372D40AD9200A2E0DF /* Meep-FoundationUITests */ = {
			isa = PBXNativeTarget;
			buildConfigurationList = 5D2E05482D40AD9200A2E0DF /* Build configuration list for PBXNativeTarget "Meep-FoundationUITests" */;
			buildPhases = (
				5D2E05342D40AD9200A2E0DF /* Sources */,
				5D2E05352D40AD9200A2E0DF /* Frameworks */,
				5D2E05362D40AD9200A2E0DF /* Resources */,
			);
			buildRules = (
			);
			dependencies = (
				5D2E053A2D40AD9200A2E0DF /* PBXTargetDependency */,
			);
			fileSystemSynchronizedGroups = (
				5D2E053B2D40AD9200A2E0DF /* Meep-FoundationUITests */,
			);
			name = "Meep-FoundationUITests";
			packageProductDependencies = (
			);
			productName = "Meep-FoundationUITests";
			productReference = 5D2E05382D40AD9200A2E0DF /* Meep-FoundationUITests.xctest */;
			productType = "com.apple.product-type.bundle.ui-testing";
		};
/* End PBXNativeTarget section */

/* Begin PBXProject section */
		5D2E05162D40AD8E00A2E0DF /* Project object */ = {
			isa = PBXProject;
			attributes = {
				BuildIndependentTargetsInParallel = 1;
				LastSwiftUpdateCheck = 1600;
				LastUpgradeCheck = 1600;
				TargetAttributes = {
					5D2E051D2D40AD8E00A2E0DF = {
						CreatedOnToolsVersion = 16.0;
					};
					5D2E052D2D40AD9200A2E0DF = {
						CreatedOnToolsVersion = 16.0;
						TestTargetID = 5D2E051D2D40AD8E00A2E0DF;
					};
					5D2E05372D40AD9200A2E0DF = {
						CreatedOnToolsVersion = 16.0;
						TestTargetID = 5D2E051D2D40AD8E00A2E0DF;
					};
				};
			};
			buildConfigurationList = 5D2E05192D40AD8E00A2E0DF /* Build configuration list for PBXProject "Meep-Foundation" */;
			developmentRegion = en;
			hasScannedForEncodings = 0;
			knownRegions = (
				en,
				Base,
			);
			mainGroup = 5D2E05152D40AD8E00A2E0DF;
			minimizedProjectReferenceProxies = 1;
			preferredProjectObjectVersion = 77;
			productRefGroup = 5D2E051F2D40AD8E00A2E0DF /* Products */;
			projectDirPath = "";
			projectRoot = "";
			targets = (
				5D2E051D2D40AD8E00A2E0DF /* Meep-Foundation */,
				5D2E052D2D40AD9200A2E0DF /* Meep-FoundationTests */,
				5D2E05372D40AD9200A2E0DF /* Meep-FoundationUITests */,
			);
		};
/* End PBXProject section */

/* Begin PBXResourcesBuildPhase section */
		5D2E051C2D40AD8E00A2E0DF /* Resources */ = {
			isa = PBXResourcesBuildPhase;
			buildActionMask = 2147483647;
			files = (
			);
			runOnlyForDeploymentPostprocessing = 0;
		};
		5D2E052C2D40AD9200A2E0DF /* Resources */ = {
			isa = PBXResourcesBuildPhase;
			buildActionMask = 2147483647;
			files = (
			);
			runOnlyForDeploymentPostprocessing = 0;
		};
		5D2E05362D40AD9200A2E0DF /* Resources */ = {
			isa = PBXResourcesBuildPhase;
			buildActionMask = 2147483647;
			files = (
			);
			runOnlyForDeploymentPostprocessing = 0;
		};
/* End PBXResourcesBuildPhase section */

/* Begin PBXSourcesBuildPhase section */
		5D2E051A2D40AD8E00A2E0DF /* Sources */ = {
			isa = PBXSourcesBuildPhase;
			buildActionMask = 2147483647;
			files = (
			);
			runOnlyForDeploymentPostprocessing = 0;
		};
		5D2E052A2D40AD9200A2E0DF /* Sources */ = {
			isa = PBXSourcesBuildPhase;
			buildActionMask = 2147483647;
			files = (
			);
			runOnlyForDeploymentPostprocessing = 0;
		};
		5D2E05342D40AD9200A2E0DF /* Sources */ = {
			isa = PBXSourcesBuildPhase;
			buildActionMask = 2147483647;
			files = (
			);
			runOnlyForDeploymentPostprocessing = 0;
		};
/* End PBXSourcesBuildPhase section */

/* Begin PBXTargetDependency section */
		5D2E05302D40AD9200A2E0DF /* PBXTargetDependency */ = {
			isa = PBXTargetDependency;
			target = 5D2E051D2D40AD8E00A2E0DF /* Meep-Foundation */;
			targetProxy = 5D2E052F2D40AD9200A2E0DF /* PBXContainerItemProxy */;
		};
		5D2E053A2D40AD9200A2E0DF /* PBXTargetDependency */ = {
			isa = PBXTargetDependency;
			target = 5D2E051D2D40AD8E00A2E0DF /* Meep-Foundation */;
			targetProxy = 5D2E05392D40AD9200A2E0DF /* PBXContainerItemProxy */;
		};
/* End PBXTargetDependency section */

/* Begin XCBuildConfiguration section */
		5D2E05402D40AD9200A2E0DF /* Debug */ = {
			isa = XCBuildConfiguration;
			buildSettings = {
				ALWAYS_SEARCH_USER_PATHS = NO;
				ASSETCATALOG_COMPILER_GENERATE_SWIFT_ASSET_SYMBOL_EXTENSIONS = YES;
				CLANG_ANALYZER_NONNULL = YES;
				CLANG_ANALYZER_NUMBER_OBJECT_CONVERSION = YES_AGGRESSIVE;
				CLANG_CXX_LANGUAGE_STANDARD = "gnu++20";
				CLANG_ENABLE_MODULES = YES;
				CLANG_ENABLE_OBJC_ARC = YES;
				CLANG_ENABLE_OBJC_WEAK = YES;
				CLANG_WARN_BLOCK_CAPTURE_AUTORELEASING = YES;
				CLANG_WARN_BOOL_CONVERSION = YES;
				CLANG_WARN_COMMA = YES;
				CLANG_WARN_CONSTANT_CONVERSION = YES;
				CLANG_WARN_DEPRECATED_OBJC_IMPLEMENTATIONS = YES;
				CLANG_WARN_DIRECT_OBJC_ISA_USAGE = YES_ERROR;
				CLANG_WARN_DOCUMENTATION_COMMENTS = YES;
				CLANG_WARN_EMPTY_BODY = YES;
				CLANG_WARN_ENUM_CONVERSION = YES;
				CLANG_WARN_INFINITE_RECURSION = YES;
				CLANG_WARN_INT_CONVERSION = YES;
				CLANG_WARN_NON_LITERAL_NULL_CONVERSION = YES;
				CLANG_WARN_OBJC_IMPLICIT_RETAIN_SELF = YES;
				CLANG_WARN_OBJC_LITERAL_CONVERSION = YES;
				CLANG_WARN_OBJC_ROOT_CLASS = YES_ERROR;
				CLANG_WARN_QUOTED_INCLUDE_IN_FRAMEWORK_HEADER = YES;
				CLANG_WARN_RANGE_LOOP_ANALYSIS = YES;
				CLANG_WARN_STRICT_PROTOTYPES = YES;
				CLANG_WARN_SUSPICIOUS_MOVE = YES;
				CLANG_WARN_UNGUARDED_AVAILABILITY = YES_AGGRESSIVE;
				CLANG_WARN_UNREACHABLE_CODE = YES;
				CLANG_WARN__DUPLICATE_METHOD_MATCH = YES;
				COPY_PHASE_STRIP = NO;
				DEBUG_INFORMATION_FORMAT = dwarf;
				ENABLE_STRICT_OBJC_MSGSEND = YES;
				ENABLE_TESTABILITY = YES;
				ENABLE_USER_SCRIPT_SANDBOXING = YES;
				GCC_C_LANGUAGE_STANDARD = gnu17;
				GCC_DYNAMIC_NO_PIC = NO;
				GCC_NO_COMMON_BLOCKS = YES;
				GCC_OPTIMIZATION_LEVEL = 0;
				GCC_PREPROCESSOR_DEFINITIONS = (
					"DEBUG=1",
					"$(inherited)",
				);
				GCC_WARN_64_TO_32_BIT_CONVERSION = YES;
				GCC_WARN_ABOUT_RETURN_TYPE = YES_ERROR;
				GCC_WARN_UNDECLARED_SELECTOR = YES;
				GCC_WARN_UNINITIALIZED_AUTOS = YES_AGGRESSIVE;
				GCC_WARN_UNUSED_FUNCTION = YES;
				GCC_WARN_UNUSED_VARIABLE = YES;
				IPHONEOS_DEPLOYMENT_TARGET = 18.0;
				LOCALIZATION_PREFERS_STRING_CATALOGS = YES;
				MTL_ENABLE_DEBUG_INFO = INCLUDE_SOURCE;
				MTL_FAST_MATH = YES;
				ONLY_ACTIVE_ARCH = YES;
				SDKROOT = iphoneos;
				SWIFT_ACTIVE_COMPILATION_CONDITIONS = "DEBUG $(inherited)";
				SWIFT_OPTIMIZATION_LEVEL = "-Onone";
			};
			name = Debug;
		};
		5D2E05412D40AD9200A2E0DF /* Release */ = {
			isa = XCBuildConfiguration;
			buildSettings = {
				ALWAYS_SEARCH_USER_PATHS = NO;
				ASSETCATALOG_COMPILER_GENERATE_SWIFT_ASSET_SYMBOL_EXTENSIONS = YES;
				CLANG_ANALYZER_NONNULL = YES;
				CLANG_ANALYZER_NUMBER_OBJECT_CONVERSION = YES_AGGRESSIVE;
				CLANG_CXX_LANGUAGE_STANDARD = "gnu++20";
				CLANG_ENABLE_MODULES = YES;
				CLANG_ENABLE_OBJC_ARC = YES;
				CLANG_ENABLE_OBJC_WEAK = YES;
				CLANG_WARN_BLOCK_CAPTURE_AUTORELEASING = YES;
				CLANG_WARN_BOOL_CONVERSION = YES;
				CLANG_WARN_COMMA = YES;
				CLANG_WARN_CONSTANT_CONVERSION = YES;
				CLANG_WARN_DEPRECATED_OBJC_IMPLEMENTATIONS = YES;
				CLANG_WARN_DIRECT_OBJC_ISA_USAGE = YES_ERROR;
				CLANG_WARN_DOCUMENTATION_COMMENTS = YES;
				CLANG_WARN_EMPTY_BODY = YES;
				CLANG_WARN_ENUM_CONVERSION = YES;
				CLANG_WARN_INFINITE_RECURSION = YES;
				CLANG_WARN_INT_CONVERSION = YES;
				CLANG_WARN_NON_LITERAL_NULL_CONVERSION = YES;
				CLANG_WARN_OBJC_IMPLICIT_RETAIN_SELF = YES;
				CLANG_WARN_OBJC_LITERAL_CONVERSION = YES;
				CLANG_WARN_OBJC_ROOT_CLASS = YES_ERROR;
				CLANG_WARN_QUOTED_INCLUDE_IN_FRAMEWORK_HEADER = YES;
				CLANG_WARN_RANGE_LOOP_ANALYSIS = YES;
				CLANG_WARN_STRICT_PROTOTYPES = YES;
				CLANG_WARN_SUSPICIOUS_MOVE = YES;
				CLANG_WARN_UNGUARDED_AVAILABILITY = YES_AGGRESSIVE;
				CLANG_WARN_UNREACHABLE_CODE = YES;
				CLANG_WARN__DUPLICATE_METHOD_MATCH = YES;
				COPY_PHASE_STRIP = NO;
				DEBUG_INFORMATION_FORMAT = "dwarf-with-dsym";
				ENABLE_NS_ASSERTIONS = NO;
				ENABLE_STRICT_OBJC_MSGSEND = YES;
				ENABLE_USER_SCRIPT_SANDBOXING = YES;
				GCC_C_LANGUAGE_STANDARD = gnu17;
				GCC_NO_COMMON_BLOCKS = YES;
				GCC_WARN_64_TO_32_BIT_CONVERSION = YES;
				GCC_WARN_ABOUT_RETURN_TYPE = YES_ERROR;
				GCC_WARN_UNDECLARED_SELECTOR = YES;
				GCC_WARN_UNINITIALIZED_AUTOS = YES_AGGRESSIVE;
				GCC_WARN_UNUSED_FUNCTION = YES;
				GCC_WARN_UNUSED_VARIABLE = YES;
				IPHONEOS_DEPLOYMENT_TARGET = 18.0;
				LOCALIZATION_PREFERS_STRING_CATALOGS = YES;
				MTL_ENABLE_DEBUG_INFO = NO;
				MTL_FAST_MATH = YES;
				SDKROOT = iphoneos;
				SWIFT_COMPILATION_MODE = wholemodule;
				VALIDATE_PRODUCT = YES;
			};
			name = Release;
		};
		5D2E05432D40AD9200A2E0DF /* Debug */ = {
			isa = XCBuildConfiguration;
			buildSettings = {
				ASSETCATALOG_COMPILER_APPICON_NAME = AppIcon;
				ASSETCATALOG_COMPILER_GLOBAL_ACCENT_COLOR_NAME = AccentColor;
				CODE_SIGN_STYLE = Automatic;
				CURRENT_PROJECT_VERSION = 1;
				DEVELOPMENT_ASSET_PATHS = "\"Meep-Foundation/Preview Content\"";
				DEVELOPMENT_TEAM = P7W8JZ4GWA;
				ENABLE_PREVIEWS = YES;
				GENERATE_INFOPLIST_FILE = YES;
				INFOPLIST_FILE = "Meep-Foundation/Info.plist";
				INFOPLIST_KEY_UIApplicationSceneManifest_Generation = YES;
				INFOPLIST_KEY_UIApplicationSupportsIndirectInputEvents = YES;
				INFOPLIST_KEY_UILaunchScreen_Generation = YES;
				INFOPLIST_KEY_UISupportedInterfaceOrientations_iPad = "UIInterfaceOrientationPortrait UIInterfaceOrientationPortraitUpsideDown UIInterfaceOrientationLandscapeLeft UIInterfaceOrientationLandscapeRight";
				INFOPLIST_KEY_UISupportedInterfaceOrientations_iPhone = "UIInterfaceOrientationPortrait UIInterfaceOrientationLandscapeLeft UIInterfaceOrientationLandscapeRight";
				IPHONEOS_DEPLOYMENT_TARGET = 18.0;
				LD_RUNPATH_SEARCH_PATHS = (
					"$(inherited)",
					"@executable_path/Frameworks",
				);
				MARKETING_VERSION = 1.0;
				PRODUCT_BUNDLE_IDENTIFIER = "chima.Meep-Foundation";
				PRODUCT_NAME = "$(TARGET_NAME)";
				SWIFT_EMIT_LOC_STRINGS = YES;
				SWIFT_VERSION = 5.0;
				TARGETED_DEVICE_FAMILY = "1,2";
			};
			name = Debug;
		};
		5D2E05442D40AD9200A2E0DF /* Release */ = {
			isa = XCBuildConfiguration;
			buildSettings = {
				ASSETCATALOG_COMPILER_APPICON_NAME = AppIcon;
				ASSETCATALOG_COMPILER_GLOBAL_ACCENT_COLOR_NAME = AccentColor;
				CODE_SIGN_STYLE = Automatic;
				CURRENT_PROJECT_VERSION = 1;
				DEVELOPMENT_ASSET_PATHS = "\"Meep-Foundation/Preview Content\"";
				DEVELOPMENT_TEAM = P7W8JZ4GWA;
				ENABLE_PREVIEWS = YES;
				GENERATE_INFOPLIST_FILE = YES;
				INFOPLIST_FILE = "Meep-Foundation/Info.plist";
				INFOPLIST_KEY_UIApplicationSceneManifest_Generation = YES;
				INFOPLIST_KEY_UIApplicationSupportsIndirectInputEvents = YES;
				INFOPLIST_KEY_UILaunchScreen_Generation = YES;
				INFOPLIST_KEY_UISupportedInterfaceOrientations_iPad = "UIInterfaceOrientationPortrait UIInterfaceOrientationPortraitUpsideDown UIInterfaceOrientationLandscapeLeft UIInterfaceOrientationLandscapeRight";
				INFOPLIST_KEY_UISupportedInterfaceOrientations_iPhone = "UIInterfaceOrientationPortrait UIInterfaceOrientationLandscapeLeft UIInterfaceOrientationLandscapeRight";
				IPHONEOS_DEPLOYMENT_TARGET = 18.0;
				LD_RUNPATH_SEARCH_PATHS = (
					"$(inherited)",
					"@executable_path/Frameworks",
				);
				MARKETING_VERSION = 1.0;
				PRODUCT_BUNDLE_IDENTIFIER = "chima.Meep-Foundation";
				PRODUCT_NAME = "$(TARGET_NAME)";
				SWIFT_EMIT_LOC_STRINGS = YES;
				SWIFT_VERSION = 5.0;
				TARGETED_DEVICE_FAMILY = "1,2";
			};
			name = Release;
		};
		5D2E05462D40AD9200A2E0DF /* Debug */ = {
			isa = XCBuildConfiguration;
			buildSettings = {
				BUNDLE_LOADER = "$(TEST_HOST)";
				CODE_SIGN_STYLE = Automatic;
				CURRENT_PROJECT_VERSION = 1;
				DEVELOPMENT_TEAM = P7W8JZ4GWA;
				GENERATE_INFOPLIST_FILE = YES;
				IPHONEOS_DEPLOYMENT_TARGET = 18.0;
				MARKETING_VERSION = 1.0;
				PRODUCT_BUNDLE_IDENTIFIER = "chima.Meep-FoundationTests";
				PRODUCT_NAME = "$(TARGET_NAME)";
				SWIFT_EMIT_LOC_STRINGS = NO;
				SWIFT_VERSION = 5.0;
				TARGETED_DEVICE_FAMILY = "1,2";
				TEST_HOST = "$(BUILT_PRODUCTS_DIR)/Meep-Foundation.app/$(BUNDLE_EXECUTABLE_FOLDER_PATH)/Meep-Foundation";
			};
			name = Debug;
		};
		5D2E05472D40AD9200A2E0DF /* Release */ = {
			isa = XCBuildConfiguration;
			buildSettings = {
				BUNDLE_LOADER = "$(TEST_HOST)";
				CODE_SIGN_STYLE = Automatic;
				CURRENT_PROJECT_VERSION = 1;
				DEVELOPMENT_TEAM = P7W8JZ4GWA;
				GENERATE_INFOPLIST_FILE = YES;
				IPHONEOS_DEPLOYMENT_TARGET = 18.0;
				MARKETING_VERSION = 1.0;
				PRODUCT_BUNDLE_IDENTIFIER = "chima.Meep-FoundationTests";
				PRODUCT_NAME = "$(TARGET_NAME)";
				SWIFT_EMIT_LOC_STRINGS = NO;
				SWIFT_VERSION = 5.0;
				TARGETED_DEVICE_FAMILY = "1,2";
				TEST_HOST = "$(BUILT_PRODUCTS_DIR)/Meep-Foundation.app/$(BUNDLE_EXECUTABLE_FOLDER_PATH)/Meep-Foundation";
			};
			name = Release;
		};
		5D2E05492D40AD9200A2E0DF /* Debug */ = {
			isa = XCBuildConfiguration;
			buildSettings = {
				CODE_SIGN_STYLE = Automatic;
				CURRENT_PROJECT_VERSION = 1;
				DEVELOPMENT_TEAM = P7W8JZ4GWA;
				GENERATE_INFOPLIST_FILE = YES;
				MARKETING_VERSION = 1.0;
				PRODUCT_BUNDLE_IDENTIFIER = "chima.Meep-FoundationUITests";
				PRODUCT_NAME = "$(TARGET_NAME)";
				SWIFT_EMIT_LOC_STRINGS = NO;
				SWIFT_VERSION = 5.0;
				TARGETED_DEVICE_FAMILY = "1,2";
				TEST_TARGET_NAME = "Meep-Foundation";
			};
			name = Debug;
		};
		5D2E054A2D40AD9200A2E0DF /* Release */ = {
			isa = XCBuildConfiguration;
			buildSettings = {
				CODE_SIGN_STYLE = Automatic;
				CURRENT_PROJECT_VERSION = 1;
				DEVELOPMENT_TEAM = P7W8JZ4GWA;
				GENERATE_INFOPLIST_FILE = YES;
				MARKETING_VERSION = 1.0;
				PRODUCT_BUNDLE_IDENTIFIER = "chima.Meep-FoundationUITests";
				PRODUCT_NAME = "$(TARGET_NAME)";
				SWIFT_EMIT_LOC_STRINGS = NO;
				SWIFT_VERSION = 5.0;
				TARGETED_DEVICE_FAMILY = "1,2";
				TEST_TARGET_NAME = "Meep-Foundation";
			};
			name = Release;
		};
/* End XCBuildConfiguration section */

/* Begin XCConfigurationList section */
		5D2E05192D40AD8E00A2E0DF /* Build configuration list for PBXProject "Meep-Foundation" */ = {
			isa = XCConfigurationList;
			buildConfigurations = (
				5D2E05402D40AD9200A2E0DF /* Debug */,
				5D2E05412D40AD9200A2E0DF /* Release */,
			);
			defaultConfigurationIsVisible = 0;
			defaultConfigurationName = Release;
		};
		5D2E05422D40AD9200A2E0DF /* Build configuration list for PBXNativeTarget "Meep-Foundation" */ = {
			isa = XCConfigurationList;
			buildConfigurations = (
				5D2E05432D40AD9200A2E0DF /* Debug */,
				5D2E05442D40AD9200A2E0DF /* Release */,
			);
			defaultConfigurationIsVisible = 0;
			defaultConfigurationName = Release;
		};
		5D2E05452D40AD9200A2E0DF /* Build configuration list for PBXNativeTarget "Meep-FoundationTests" */ = {
			isa = XCConfigurationList;
			buildConfigurations = (
				5D2E05462D40AD9200A2E0DF /* Debug */,
				5D2E05472D40AD9200A2E0DF /* Release */,
			);
			defaultConfigurationIsVisible = 0;
			defaultConfigurationName = Release;
		};
		5D2E05482D40AD9200A2E0DF /* Build configuration list for PBXNativeTarget "Meep-FoundationUITests" */ = {
			isa = XCConfigurationList;
			buildConfigurations = (
				5D2E05492D40AD9200A2E0DF /* Debug */,
				5D2E054A2D40AD9200A2E0DF /* Release */,
			);
			defaultConfigurationIsVisible = 0;
			defaultConfigurationName = Release;
		};
/* End XCConfigurationList section */
	};
	rootObject = 5D2E05162D40AD8E00A2E0DF /* Project object */;
}
